
Microsoft Visual Studio Solution File, Format Version 12.00
# Visual Studio Version 17
VisualStudioVersion = 17.5.33424.131
MinimumVisualStudioVersion = 10.0.40219.1
Project("{9A19103F-16F7-4668-BE54-9A1E7A4F7556}") = "gRPC.Server", "gRPC.Server\gRPC.Server.csproj", "{87F01826-025C-4710-A0AA-43232E06239B}"
EndProject
Project("{FAE04EC0-301F-11D3-BF4B-00C04F79EFBC}") = "gRPC.Client", "gRPC.Client\gRPC.Client.csproj", "{0C4B7304-499E-4E54-B8AB-567183D42F40}"
EndProject
Global
	GlobalSection(SolutionConfigurationPlatforms) = preSolution
		Debug|Any CPU = Debug|Any CPU
		Release|Any CPU = Release|Any CPU
	EndGlobalSection
	GlobalSection(ProjectConfigurationPlatforms) = postSolution
		{87F01826-025C-4710-A0AA-43232E06239B}.Debug|Any CPU.ActiveCfg = Debug|Any CPU
		{87F01826-025C-4710-A0AA-43232E06239B}.Debug|Any CPU.Build.0 = Debug|Any CPU
		{87F01826-025C-4710-A0AA-43232E06239B}.Release|Any CPU.ActiveCfg = Release|Any CPU
		{87F01826-025C-4710-A0AA-43232E06239B}.Release|Any CPU.Build.0 = Release|Any CPU
		{0C4B7304-499E-4E54-B8AB-567183D42F40}.Debug|Any CPU.ActiveCfg = Debug|Any CPU
		{0C4B7304-499E-4E54-B8AB-567183D42F40}.Debug|Any CPU.Build.0 = Debug|Any CPU
		{0C4B7304-499E-4E54-B8AB-567183D42F40}.Release|Any CPU.ActiveCfg = Release|Any CPU
		{0C4B7304-499E-4E54-B8AB-567183D42F40}.Release|Any CPU.Build.0 = Release|Any CPU
	EndGlobalSection
	GlobalSection(SolutionProperties) = preSolution
		HideSolutionNode = FALSE
	EndGlobalSection
	GlobalSection(ExtensibilityGlobals) = postSolution
		SolutionGuid = {B4784C02-F4C3-4895-B2E6-DBE6A8C00F7B}
	EndGlobalSection
EndGlobal
